
Microsoft Visual Studio Solution File, Format Version 12.00
# Visual Studio Version 16
VisualStudioVersion = 16.0.29519.87
MinimumVisualStudioVersion = 10.0.40219.1
Project("{9A19103F-16F7-4668-BE54-9A1E7A4F7556}") = "PruebaFail.Common", "PruebaFail.Common\PruebaFail.Common.csproj", "{FA834048-6FEE-4B37-8D67-DF69CCA830EE}"
EndProject
Project("{9A19103F-16F7-4668-BE54-9A1E7A4F7556}") = "PruebaFail.Web", "PruebaFail.Web\PruebaFail.Web.csproj", "{A276FA72-55D4-46CB-9C8C-09F4C8ED4D49}"
EndProject
Project("{FAE04EC0-301F-11D3-BF4B-00C04F79EFBC}") = "PruebaFail.Prism", "PruebaFail.Prism\PruebaFail.Prism\PruebaFail.Prism.csproj", "{B37ACEE1-4B67-47D3-8F4D-5D584FC0C761}"
EndProject
Project("{FAE04EC0-301F-11D3-BF4B-00C04F79EFBC}") = "PruebaFail.Prism.Android", "PruebaFail.Prism\PruebaFail.Prism.Android\PruebaFail.Prism.Android.csproj", "{3998647D-AAA7-4087-8E41-9BE4EBC92270}"
EndProject
Project("{FAE04EC0-301F-11D3-BF4B-00C04F79EFBC}") = "PruebaFail.Prism.iOS", "PruebaFail.Prism\PruebaFail.Prism.iOS\PruebaFail.Prism.iOS.csproj", "{5DB06302-1DF9-4720-83EA-7EFE82FE1988}"
EndProject
Global
	GlobalSection(SolutionConfigurationPlatforms) = preSolution
		Ad-Hoc|Any CPU = Ad-Hoc|Any CPU
		Ad-Hoc|iPhone = Ad-Hoc|iPhone
		Ad-Hoc|iPhoneSimulator = Ad-Hoc|iPhoneSimulator
		AppStore|Any CPU = AppStore|Any CPU
		AppStore|iPhone = AppStore|iPhone
		AppStore|iPhoneSimulator = AppStore|iPhoneSimulator
		Debug|Any CPU = Debug|Any CPU
		Debug|iPhone = Debug|iPhone
		Debug|iPhoneSimulator = Debug|iPhoneSimulator
		Release|Any CPU = Release|Any CPU
		Release|iPhone = Release|iPhone
		Release|iPhoneSimulator = Release|iPhoneSimulator
	EndGlobalSection
	GlobalSection(ProjectConfigurationPlatforms) = postSolution
		{FA834048-6FEE-4B37-8D67-DF69CCA830EE}.Ad-Hoc|Any CPU.ActiveCfg = Release|Any CPU
		{FA834048-6FEE-4B37-8D67-DF69CCA830EE}.Ad-Hoc|Any CPU.Build.0 = Release|Any CPU
		{FA834048-6FEE-4B37-8D67-DF69CCA830EE}.Ad-Hoc|iPhone.ActiveCfg = Release|Any CPU
		{FA834048-6FEE-4B37-8D67-DF69CCA830EE}.Ad-Hoc|iPhone.Build.0 = Release|Any CPU
		{FA834048-6FEE-4B37-8D67-DF69CCA830EE}.Ad-Hoc|iPhoneSimulator.ActiveCfg = Release|Any CPU
		{FA834048-6FEE-4B37-8D67-DF69CCA830EE}.Ad-Hoc|iPhoneSimulator.Build.0 = Release|Any CPU
		{FA834048-6FEE-4B37-8D67-DF69CCA830EE}.AppStore|Any CPU.ActiveCfg = Release|Any CPU
		{FA834048-6FEE-4B37-8D67-DF69CCA830EE}.AppStore|Any CPU.Build.0 = Release|Any CPU
		{FA834048-6FEE-4B37-8D67-DF69CCA830EE}.AppStore|iPhone.ActiveCfg = Release|Any CPU
		{FA834048-6FEE-4B37-8D67-DF69CCA830EE}.AppStore|iPhone.Build.0 = Release|Any CPU
		{FA834048-6FEE-4B37-8D67-DF69CCA830EE}.AppStore|iPhoneSimulator.ActiveCfg = Release|Any CPU
		{FA834048-6FEE-4B37-8D67-DF69CCA830EE}.AppStore|iPhoneSimulator.Build.0 = Release|Any CPU
		{FA834048-6FEE-4B37-8D67-DF69CCA830EE}.Debug|Any CPU.ActiveCfg = Debug|Any CPU
		{FA834048-6FEE-4B37-8D67-DF69CCA830EE}.Debug|Any CPU.Build.0 = Debug|Any CPU
		{FA834048-6FEE-4B37-8D67-DF69CCA830EE}.Debug|iPhone.ActiveCfg = Debug|Any CPU
		{FA834048-6FEE-4B37-8D67-DF69CCA830EE}.Debug|iPhone.Build.0 = Debug|Any CPU
		{FA834048-6FEE-4B37-8D67-DF69CCA830EE}.Debug|iPhoneSimulator.ActiveCfg = Debug|Any CPU
		{FA834048-6FEE-4B37-8D67-DF69CCA830EE}.Debug|iPhoneSimulator.Build.0 = Debug|Any CPU
		{FA834048-6FEE-4B37-8D67-DF69CCA830EE}.Release|Any CPU.ActiveCfg = Release|Any CPU
		{FA834048-6FEE-4B37-8D67-DF69CCA830EE}.Release|Any CPU.Build.0 = Release|Any CPU
		{FA834048-6FEE-4B37-8D67-DF69CCA830EE}.Release|iPhone.ActiveCfg = Release|Any CPU
		{FA834048-6FEE-4B37-8D67-DF69CCA830EE}.Release|iPhone.Build.0 = Release|Any CPU
		{FA834048-6FEE-4B37-8D67-DF69CCA830EE}.Release|iPhoneSimulator.ActiveCfg = Release|Any CPU
		{FA834048-6FEE-4B37-8D67-DF69CCA830EE}.Release|iPhoneSimulator.Build.0 = Release|Any CPU
		{A276FA72-55D4-46CB-9C8C-09F4C8ED4D49}.Ad-Hoc|Any CPU.ActiveCfg = Release|Any CPU
		{A276FA72-55D4-46CB-9C8C-09F4C8ED4D49}.Ad-Hoc|Any CPU.Build.0 = Release|Any CPU
		{A276FA72-55D4-46CB-9C8C-09F4C8ED4D49}.Ad-Hoc|iPhone.ActiveCfg = Release|Any CPU
		{A276FA72-55D4-46CB-9C8C-09F4C8ED4D49}.Ad-Hoc|iPhone.Build.0 = Release|Any CPU
		{A276FA72-55D4-46CB-9C8C-09F4C8ED4D49}.Ad-Hoc|iPhoneSimulator.ActiveCfg = Release|Any CPU
		{A276FA72-55D4-46CB-9C8C-09F4C8ED4D49}.Ad-Hoc|iPhoneSimulator.Build.0 = Release|Any CPU
		{A276FA72-55D4-46CB-9C8C-09F4C8ED4D49}.AppStore|Any CPU.ActiveCfg = Release|Any CPU
		{A276FA72-55D4-46CB-9C8C-09F4C8ED4D49}.AppStore|Any CPU.Build.0 = Release|Any CPU
		{A276FA72-55D4-46CB-9C8C-09F4C8ED4D49}.AppStore|iPhone.ActiveCfg = Release|Any CPU
		{A276FA72-55D4-46CB-9C8C-09F4C8ED4D49}.AppStore|iPhone.Build.0 = Release|Any CPU
		{A276FA72-55D4-46CB-9C8C-09F4C8ED4D49}.AppStore|iPhoneSimulator.ActiveCfg = Release|Any CPU
		{A276FA72-55D4-46CB-9C8C-09F4C8ED4D49}.AppStore|iPhoneSimulator.Build.0 = Release|Any CPU
		{A276FA72-55D4-46CB-9C8C-09F4C8ED4D49}.Debug|Any CPU.ActiveCfg = Debug|Any CPU
		{A276FA72-55D4-46CB-9C8C-09F4C8ED4D49}.Debug|Any CPU.Build.0 = Debug|Any CPU
		{A276FA72-55D4-46CB-9C8C-09F4C8ED4D49}.Debug|iPhone.ActiveCfg = Debug|Any CPU
		{A276FA72-55D4-46CB-9C8C-09F4C8ED4D49}.Debug|iPhone.Build.0 = Debug|Any CPU
		{A276FA72-55D4-46CB-9C8C-09F4C8ED4D49}.Debug|iPhoneSimulator.ActiveCfg = Debug|Any CPU
		{A276FA72-55D4-46CB-9C8C-09F4C8ED4D49}.Debug|iPhoneSimulator.Build.0 = Debug|Any CPU
		{A276FA72-55D4-46CB-9C8C-09F4C8ED4D49}.Release|Any CPU.ActiveCfg = Release|Any CPU
		{A276FA72-55D4-46CB-9C8C-09F4C8ED4D49}.Release|Any CPU.Build.0 = Release|Any CPU
		{A276FA72-55D4-46CB-9C8C-09F4C8ED4D49}.Release|iPhone.ActiveCfg = Release|Any CPU
		{A276FA72-55D4-46CB-9C8C-09F4C8ED4D49}.Release|iPhone.Build.0 = Release|Any CPU
		{A276FA72-55D4-46CB-9C8C-09F4C8ED4D49}.Release|iPhoneSimulator.ActiveCfg = Release|Any CPU
		{A276FA72-55D4-46CB-9C8C-09F4C8ED4D49}.Release|iPhoneSimulator.Build.0 = Release|Any CPU
		{B37ACEE1-4B67-47D3-8F4D-5D584FC0C761}.Ad-Hoc|Any CPU.ActiveCfg = Debug|Any CPU
		{B37ACEE1-4B67-47D3-8F4D-5D584FC0C761}.Ad-Hoc|Any CPU.Build.0 = Debug|Any CPU
		{B37ACEE1-4B67-47D3-8F4D-5D584FC0C761}.Ad-Hoc|iPhone.ActiveCfg = Debug|Any CPU
		{B37ACEE1-4B67-47D3-8F4D-5D584FC0C761}.Ad-Hoc|iPhone.Build.0 = Debug|Any CPU
		{B37ACEE1-4B67-47D3-8F4D-5D584FC0C761}.Ad-Hoc|iPhoneSimulator.ActiveCfg = Debug|Any CPU
		{B37ACEE1-4B67-47D3-8F4D-5D584FC0C761}.Ad-Hoc|iPhoneSimulator.Build.0 = Debug|Any CPU
		{B37ACEE1-4B67-47D3-8F4D-5D584FC0C761}.AppStore|Any CPU.ActiveCfg = Debug|Any CPU
		{B37ACEE1-4B67-47D3-8F4D-5D584FC0C761}.AppStore|Any CPU.Build.0 = Debug|Any CPU
		{B37ACEE1-4B67-47D3-8F4D-5D584FC0C761}.AppStore|iPhone.ActiveCfg = Debug|Any CPU
		{B37ACEE1-4B67-47D3-8F4D-5D584FC0C761}.AppStore|iPhone.Build.0 = Debug|Any CPU
		{B37ACEE1-4B67-47D3-8F4D-5D584FC0C761}.AppStore|iPhoneSimulator.ActiveCfg = Debug|Any CPU
		{B37ACEE1-4B67-47D3-8F4D-5D584FC0C761}.AppStore|iPhoneSimulator.Build.0 = Debug|Any CPU
		{B37ACEE1-4B67-47D3-8F4D-5D584FC0C761}.Debug|Any CPU.ActiveCfg = Debug|Any CPU
		{B37ACEE1-4B67-47D3-8F4D-5D584FC0C761}.Debug|Any CPU.Build.0 = Debug|Any CPU
		{B37ACEE1-4B67-47D3-8F4D-5D584FC0C761}.Debug|iPhone.ActiveCfg = Debug|Any CPU
		{B37ACEE1-4B67-47D3-8F4D-5D584FC0C761}.Debug|iPhone.Build.0 = Debug|Any CPU
		{B37ACEE1-4B67-47D3-8F4D-5D584FC0C761}.Debug|iPhoneSimulator.ActiveCfg = Debug|Any CPU
		{B37ACEE1-4B67-47D3-8F4D-5D584FC0C761}.Debug|iPhoneSimulator.Build.0 = Debug|Any CPU
		{B37ACEE1-4B67-47D3-8F4D-5D584FC0C761}.Release|Any CPU.ActiveCfg = Release|Any CPU
		{B37ACEE1-4B67-47D3-8F4D-5D584FC0C761}.Release|Any CPU.Build.0 = Release|Any CPU
		{B37ACEE1-4B67-47D3-8F4D-5D584FC0C761}.Release|iPhone.ActiveCfg = Release|Any CPU
		{B37ACEE1-4B67-47D3-8F4D-5D584FC0C761}.Release|iPhone.Build.0 = Release|Any CPU
		{B37ACEE1-4B67-47D3-8F4D-5D584FC0C761}.Release|iPhoneSimulator.ActiveCfg = Release|Any CPU
		{B37ACEE1-4B67-47D3-8F4D-5D584FC0C761}.Release|iPhoneSimulator.Build.0 = Release|Any CPU
		{3998647D-AAA7-4087-8E41-9BE4EBC92270}.Ad-Hoc|Any CPU.ActiveCfg = Release|Any CPU
		{3998647D-AAA7-4087-8E41-9BE4EBC92270}.Ad-Hoc|Any CPU.Build.0 = Release|Any CPU
		{3998647D-AAA7-4087-8E41-9BE4EBC92270}.Ad-Hoc|Any CPU.Deploy.0 = Release|Any CPU
		{3998647D-AAA7-4087-8E41-9BE4EBC92270}.Ad-Hoc|iPhone.ActiveCfg = Release|Any CPU
		{3998647D-AAA7-4087-8E41-9BE4EBC92270}.Ad-Hoc|iPhone.Build.0 = Release|Any CPU
		{3998647D-AAA7-4087-8E41-9BE4EBC92270}.Ad-Hoc|iPhone.Deploy.0 = Release|Any CPU
		{3998647D-AAA7-4087-8E41-9BE4EBC92270}.Ad-Hoc|iPhoneSimulator.ActiveCfg = Release|Any CPU
		{3998647D-AAA7-4087-8E41-9BE4EBC92270}.Ad-Hoc|iPhoneSimulator.Build.0 = Release|Any CPU
		{3998647D-AAA7-4087-8E41-9BE4EBC92270}.Ad-Hoc|iPhoneSimulator.Deploy.0 = Release|Any CPU
		{3998647D-AAA7-4087-8E41-9BE4EBC92270}.AppStore|Any CPU.ActiveCfg = Release|Any CPU
		{3998647D-AAA7-4087-8E41-9BE4EBC92270}.AppStore|Any CPU.Build.0 = Release|Any CPU
		{3998647D-AAA7-4087-8E41-9BE4EBC92270}.AppStore|Any CPU.Deploy.0 = Release|Any CPU
		{3998647D-AAA7-4087-8E41-9BE4EBC92270}.AppStore|iPhone.ActiveCfg = Release|Any CPU
		{3998647D-AAA7-4087-8E41-9BE4EBC92270}.AppStore|iPhone.Build.0 = Release|Any CPU
		{3998647D-AAA7-4087-8E41-9BE4EBC92270}.AppStore|iPhone.Deploy.0 = Release|Any CPU
		{3998647D-AAA7-4087-8E41-9BE4EBC92270}.AppStore|iPhoneSimulator.ActiveCfg = Release|Any CPU
		{3998647D-AAA7-4087-8E41-9BE4EBC92270}.AppStore|iPhoneSimulator.Build.0 = Release|Any CPU
		{3998647D-AAA7-4087-8E41-9BE4EBC92270}.AppStore|iPhoneSimulator.Deploy.0 = Release|Any CPU
		{3998647D-AAA7-4087-8E41-9BE4EBC92270}.Debug|Any CPU.ActiveCfg = Debug|Any CPU
		{3998647D-AAA7-4087-8E41-9BE4EBC92270}.Debug|Any CPU.Build.0 = Debug|Any CPU
		{3998647D-AAA7-4087-8E41-9BE4EBC92270}.Debug|Any CPU.Deploy.0 = Debug|Any CPU
		{3998647D-AAA7-4087-8E41-9BE4EBC92270}.Debug|iPhone.ActiveCfg = Debug|Any CPU
		{3998647D-AAA7-4087-8E41-9BE4EBC92270}.Debug|iPhone.Build.0 = Debug|Any CPU
		{3998647D-AAA7-4087-8E41-9BE4EBC92270}.Debug|iPhone.Deploy.0 = Debug|Any CPU
		{3998647D-AAA7-4087-8E41-9BE4EBC92270}.Debug|iPhoneSimulator.ActiveCfg = Debug|Any CPU
		{3998647D-AAA7-4087-8E41-9BE4EBC92270}.Debug|iPhoneSimulator.Build.0 = Debug|Any CPU
		{3998647D-AAA7-4087-8E41-9BE4EBC92270}.Debug|iPhoneSimulator.Deploy.0 = Debug|Any CPU
		{3998647D-AAA7-4087-8E41-9BE4EBC92270}.Release|Any CPU.ActiveCfg = Release|Any CPU
		{3998647D-AAA7-4087-8E41-9BE4EBC92270}.Release|Any CPU.Build.0 = Release|Any CPU
		{3998647D-AAA7-4087-8E41-9BE4EBC92270}.Release|Any CPU.Deploy.0 = Release|Any CPU
		{3998647D-AAA7-4087-8E41-9BE4EBC92270}.Release|iPhone.ActiveCfg = Release|Any CPU
		{3998647D-AAA7-4087-8E41-9BE4EBC92270}.Release|iPhone.Build.0 = Release|Any CPU
		{3998647D-AAA7-4087-8E41-9BE4EBC92270}.Release|iPhone.Deploy.0 = Release|Any CPU
		{3998647D-AAA7-4087-8E41-9BE4EBC92270}.Release|iPhoneSimulator.ActiveCfg = Release|Any CPU
		{3998647D-AAA7-4087-8E41-9BE4EBC92270}.Release|iPhoneSimulator.Build.0 = Release|Any CPU
		{3998647D-AAA7-4087-8E41-9BE4EBC92270}.Release|iPhoneSimulator.Deploy.0 = Release|Any CPU
		{5DB06302-1DF9-4720-83EA-7EFE82FE1988}.Ad-Hoc|Any CPU.ActiveCfg = Ad-Hoc|iPhone
		{5DB06302-1DF9-4720-83EA-7EFE82FE1988}.Ad-Hoc|iPhone.ActiveCfg = Ad-Hoc|iPhone
		{5DB06302-1DF9-4720-83EA-7EFE82FE1988}.Ad-Hoc|iPhone.Build.0 = Ad-Hoc|iPhone
		{5DB06302-1DF9-4720-83EA-7EFE82FE1988}.Ad-Hoc|iPhoneSimulator.ActiveCfg = Ad-Hoc|iPhoneSimulator
		{5DB06302-1DF9-4720-83EA-7EFE82FE1988}.Ad-Hoc|iPhoneSimulator.Build.0 = Ad-Hoc|iPhoneSimulator
		{5DB06302-1DF9-4720-83EA-7EFE82FE1988}.AppStore|Any CPU.ActiveCfg = AppStore|iPhone
		{5DB06302-1DF9-4720-83EA-7EFE82FE1988}.AppStore|iPhone.ActiveCfg = AppStore|iPhone
		{5DB06302-1DF9-4720-83EA-7EFE82FE1988}.AppStore|iPhone.Build.0 = AppStore|iPhone
		{5DB06302-1DF9-4720-83EA-7EFE82FE1988}.AppStore|iPhoneSimulator.ActiveCfg = AppStore|iPhoneSimulator
		{5DB06302-1DF9-4720-83EA-7EFE82FE1988}.AppStore|iPhoneSimulator.Build.0 = AppStore|iPhoneSimulator
		{5DB06302-1DF9-4720-83EA-7EFE82FE1988}.Debug|Any CPU.ActiveCfg = Debug|iPhone
		{5DB06302-1DF9-4720-83EA-7EFE82FE1988}.Debug|iPhone.ActiveCfg = Debug|iPhone
		{5DB06302-1DF9-4720-83EA-7EFE82FE1988}.Debug|iPhone.Build.0 = Debug|iPhone
		{5DB06302-1DF9-4720-83EA-7EFE82FE1988}.Debug|iPhoneSimulator.ActiveCfg = Debug|iPhoneSimulator
		{5DB06302-1DF9-4720-83EA-7EFE82FE1988}.Debug|iPhoneSimulator.Build.0 = Debug|iPhoneSimulator
		{5DB06302-1DF9-4720-83EA-7EFE82FE1988}.Release|Any CPU.ActiveCfg = Release|iPhone
		{5DB06302-1DF9-4720-83EA-7EFE82FE1988}.Release|iPhone.ActiveCfg = Release|iPhone
		{5DB06302-1DF9-4720-83EA-7EFE82FE1988}.Release|iPhone.Build.0 = Release|iPhone
		{5DB06302-1DF9-4720-83EA-7EFE82FE1988}.Release|iPhoneSimulator.ActiveCfg = Release|iPhoneSimulator
		{5DB06302-1DF9-4720-83EA-7EFE82FE1988}.Release|iPhoneSimulator.Build.0 = Release|iPhoneSimulator
	EndGlobalSection
	GlobalSection(SolutionProperties) = preSolution
		HideSolutionNode = FALSE
	EndGlobalSection
	GlobalSection(ExtensibilityGlobals) = postSolution
		SolutionGuid = {404194C6-AA21-4B36-91A8-5E20B41F7563}
	EndGlobalSection
EndGlobal
